PODS:
  - Applozic (8.0.0):
    - ApplozicCore (~> 8.0.0)
    - SDWebImage (~> 5.9.2)
  - ApplozicAudioVideo (0.1.0):
    - Applozic (~> 8.0.0)
    - TwilioVideo (~> 4.2)
  - ApplozicCore (8.0.0)
  - FBSnapshotTestCase (2.1.4):
    - FBSnapshotTestCase/SwiftSupport (= 2.1.4)
  - FBSnapshotTestCase/Core (2.1.4)
  - FBSnapshotTestCase/SwiftSupport (2.1.4):
    - FBSnapshotTestCase/Core
  - SDWebImage (5.9.5):
    - SDWebImage/Core (= 5.9.5)
  - SDWebImage/Core (5.9.5)
  - TwilioVideo (4.3.0)

DEPENDENCIES:
  - ApplozicAudioVideo (from `../`)
  - FBSnapshotTestCase

SPEC REPOS:
  https://github.com/CocoaPods/Specs.git:
    - Applozic
    - ApplozicCore
    - FBSnapshotTestCase
    - SDWebImage
    - TwilioVideo

EXTERNAL SOURCES:
  ApplozicAudioVideo:
    :path: "../"

SPEC CHECKSUMS:
  Applozic: 7027e5af20ecb8482e88df67bbc6f657f4f835ff
  ApplozicAudioVideo: 31e7d80b8d8808cb9806d3eacc7c6228155d2ef8
  ApplozicCore: 4b510e13ba44772f168c8900af0811a7e651e723
  FBSnapshotTestCase: 094f9f314decbabe373b87cc339bea235a63e07a
  SDWebImage: 0b2ba0d56479bf6a45ecddbfd5558bea93150d25
  TwilioVideo: 1ece3d954245b02244ea613408f6a4413ff54987

PODFILE CHECKSUM: 3b0b500e0c4b5d5bea30419725fd536122bf9c9f

COCOAPODS: 1.10.1
